<Solution>
  <Folder Name="/src/">
    <Project Path="src/NegiCraftLauncher.App/NegiCraftLauncher.App.csproj" />
    <Project Path="src/NegiCraftLauncher.App.Wpf/NegiCraftLauncher.App.Wpf.csproj" />
    <Project Path="src/NegiCraftLauncher.Core/NegiCraftLauncher.Core.csproj" />
    <Project Path="src/NegiCraftLauncher.Pet/NegiCraftLauncher.Pet.csproj" />
    <Project Path="src/NegiCraftLauncher.Pet.App/NegiCraftLauncher.Pet.App.csproj" />
    <Project Path="src/NegiCraftLauncher.Raster/NegiCraftLauncher.Raster.csproj" />
    <Project Path="src/NegiCraftLauncher.Skin/NegiCraftLauncher.Skin.csproj" />
    <Project Path="src/NegiCraftLauncher.Theme/NegiCraftLauncher.Theme.csproj" />
    <Project Path="src/NegiCraftLauncher.ViewModels/NegiCraftLauncher.ViewModels.csproj" />
  </Folder>
  <Folder Name="/libs/">
    <Project Path="libs/MinecraftSkinRender/MinecraftSkinRender.csproj" />
  </Folder>
</Solution>
